
Microsoft Visual Studio Solution File, Format Version 12.00
# Visual Studio Version 17
VisualStudioVersion = 17.0.32014.148
MinimumVisualStudioVersion = 10.0.40219.1
Project("{FAE04EC0-301F-11D3-BF4B-00C04F79EFBC}") = "Snake_And_Ladder_Simulator", "Snake_And_Ladder_Simulator\Snake_And_Ladder_Simulator.csproj", "{943A82F9-AA00-4914-87AC-60DEA3655858}"
EndProject
Global
	GlobalSection(SolutionConfigurationPlatforms) = preSolution
		Debug|Any CPU = Debug|Any CPU
		Release|Any CPU = Release|Any CPU
	EndGlobalSection
	GlobalSection(ProjectConfigurationPlatforms) = postSolution
		{943A82F9-AA00-4914-87AC-60DEA3655858}.Debug|Any CPU.ActiveCfg = Debug|Any CPU
		{943A82F9-AA00-4914-87AC-60DEA3655858}.Debug|Any CPU.Build.0 = Debug|Any CPU
		{943A82F9-AA00-4914-87AC-60DEA3655858}.Release|Any CPU.ActiveCfg = Release|Any CPU
		{943A82F9-AA00-4914-87AC-60DEA3655858}.Release|Any CPU.Build.0 = Release|Any CPU
	EndGlobalSection
	GlobalSection(SolutionProperties) = preSolution
		HideSolutionNode = FALSE
	EndGlobalSection
	GlobalSection(ExtensibilityGlobals) = postSolution
		SolutionGuid = {390B5BBC-1C3F-479F-9FD6-BEA528EE5077}
	EndGlobalSection
EndGlobal
